
Microsoft Visual Studio Solution File, Format Version 12.00
# Visual Studio Version 17
VisualStudioVersion = 17.7.34221.43
MinimumVisualStudioVersion = 10.0.40219.1
Project("{FAE04EC0-301F-11D3-BF4B-00C04F79EFBC}") = "Assignment 26", "Assignment 26\Assignment 26.csproj", "{40967425-5554-43BD-9CB1-458C55ADE164}"
EndProject
Global
	GlobalSection(SolutionConfigurationPlatforms) = preSolution
		Debug|Any CPU = Debug|Any CPU
		Release|Any CPU = Release|Any CPU
	EndGlobalSection
	GlobalSection(ProjectConfigurationPlatforms) = postSolution
		{40967425-5554-43BD-9CB1-458C55ADE164}.Debug|Any CPU.ActiveCfg = Debug|Any CPU
		{40967425-5554-43BD-9CB1-458C55ADE164}.Debug|Any CPU.Build.0 = Debug|Any CPU
		{40967425-5554-43BD-9CB1-458C55ADE164}.Release|Any CPU.ActiveCfg = Release|Any CPU
		{40967425-5554-43BD-9CB1-458C55ADE164}.Release|Any CPU.Build.0 = Release|Any CPU
	EndGlobalSection
	GlobalSection(SolutionProperties) = preSolution
		HideSolutionNode = FALSE
	EndGlobalSection
	GlobalSection(ExtensibilityGlobals) = postSolution
		SolutionGuid = {399C0255-BC4C-4CAD-98CB-A27527597570}
	EndGlobalSection
EndGlobal
